
Microsoft Visual Studio Solution File, Format Version 12.00
# Visual Studio Version 17
VisualStudioVersion = 17.9.34622.214
MinimumVisualStudioVersion = 10.0.40219.1
Project("{FAE04EC0-301F-11D3-BF4B-00C04F79EFBC}") = "Project_Subrata_Exam_04_03_2024", "Project_Subrata_Exam_04_03_2024.csproj", "{28B2EA80-30C2-4FD2-AAC6-D8F18505FC2B}"
EndProject
Global
	GlobalSection(SolutionConfigurationPlatforms) = preSolution
		Debug|Any CPU = Debug|Any CPU
		Release|Any CPU = Release|Any CPU
	EndGlobalSection
	GlobalSection(ProjectConfigurationPlatforms) = postSolution
		{28B2EA80-30C2-4FD2-AAC6-D8F18505FC2B}.Debug|Any CPU.ActiveCfg = Debug|Any CPU
		{28B2EA80-30C2-4FD2-AAC6-D8F18505FC2B}.Debug|Any CPU.Build.0 = Debug|Any CPU
		{28B2EA80-30C2-4FD2-AAC6-D8F18505FC2B}.Release|Any CPU.ActiveCfg = Release|Any CPU
		{28B2EA80-30C2-4FD2-AAC6-D8F18505FC2B}.Release|Any CPU.Build.0 = Release|Any CPU
	EndGlobalSection
	GlobalSection(SolutionProperties) = preSolution
		HideSolutionNode = FALSE
	EndGlobalSection
	GlobalSection(ExtensibilityGlobals) = postSolution
		SolutionGuid = {75D9F653-29ED-439F-B4B1-DD258575C705}
	EndGlobalSection
EndGlobal
